{
  "name": "convert-object-expressions-to-json",
  "version": "1.0.0",
  "lockfileVersion": 1,
  "requires": true,
  "dependencies": {
    "acorn": {
      "version": "6.2.0",
      "resolved": "https://registry.npmjs.org/acorn/-/acorn-6.2.0.tgz",
      "integrity": "sha512-8oe72N3WPMjA+2zVG71Ia0nXZ8DpQH+QyyHO+p06jT8eg8FGG3FbcUIi8KziHlAfheJQZeoqbvq1mQSQHXKYLw=="
    }
  }
}
