{
  "name": "extract-object-expressions",
  "version": "1.0.0",
  "lockfileVersion": 1,
  "requires": true,
  "dependencies": {
    "acorn": {
      "version": "6.2.0",
      "resolved": "https://registry.npmjs.org/acorn/-/acorn-6.2.0.tgz",
      "integrity": "sha512-8oe72N3WPMjA+2zVG71Ia0nXZ8DpQH+QyyHO+p06jT8eg8FGG3FbcUIi8KziHlAfheJQZeoqbvq1mQSQHXKYLw=="
    },
    "acorn-walk": {
      "version": "6.2.0",
      "resolved": "https://registry.npmjs.org/acorn-walk/-/acorn-walk-6.2.0.tgz",
      "integrity": "sha512-7evsyfH1cLOCdAzZAd43Cic04yKydNx0cF+7tiA19p1XnLLPU4dpCQOqpjqwokFe//vS0QqfqqjCS2JkiIs0cA=="
    },
    "astring": {
      "version": "1.4.0",
      "resolved": "https://registry.npmjs.org/astring/-/astring-1.4.0.tgz",
      "integrity": "sha512-mk4x+B6yYSLp4c8jZhLtb8B6DzLRaACJI7VT69hpgZlQgUD58sKXRggPmr8h+/v5opjo+TvD6gCoSjLXB1/a/Q=="
    }
  }
}
